// !$*UTF8*$!
{
	archiveVersion = 1;
	classes = {
	};
	objectVersion = 56;
	objects = {

/* Begin PBXBuildFile section */
		B13DA4FF2911BF1100A24C0B /* BurgeRApp.swift in Sources */ = {isa = PBXBuildFile; fileRef = B13DA4FE2911BF1100A24C0B /* BurgeRApp.swift */; };
		B13DA5012911BF1100A24C0B /* ContentView.swift in Sources */ = {isa = PBXBuildFile; fileRef = B13DA5002911BF1100A24C0B /* ContentView.swift */; };
		B13DA5032911BF1200A24C0B /* Assets.xcassets in Resources */ = {isa = PBXBuildFile; fileRef = B13DA5022911BF1200A24C0B /* Assets.xcassets */; };
		B13DA5062911BF1200A24C0B /* Preview Assets.xcassets in Resources */ = {isa = PBXBuildFile; fileRef = B13DA5052911BF1200A24C0B /* Preview Assets.xcassets */; };
		B13DA5102911CA7D00A24C0B /* ItemListViewModel.swift in Sources */ = {isa = PBXBuildFile; fileRef = B13DA50F2911CA7D00A24C0B /* ItemListViewModel.swift */; };
		B13DA5142911CB7F00A24C0B /* ItemListing.swift in Sources */ = {isa = PBXBuildFile; fileRef = B13DA5132911CB7F00A24C0B /* ItemListing.swift */; };
		B143E7F729156A3E007D80BB /* BurgerDetailView.swift in Sources */ = {isa = PBXBuildFile; fileRef = B143E7F629156A3E007D80BB /* BurgerDetailView.swift */; };
		B143E7F929156AEB007D80BB /* BurgerListView.swift in Sources */ = {isa = PBXBuildFile; fileRef = B143E7F829156AEB007D80BB /* BurgerListView.swift */; };
		B143E7FB2917CBAF007D80BB /* AddNewItemView.swift in Sources */ = {isa = PBXBuildFile; fileRef = B143E7FA2917CBAF007D80BB /* AddNewItemView.swift */; };
		B143E7FD2917F05B007D80BB /* PhotoPickerView.swift in Sources */ = {isa = PBXBuildFile; fileRef = B143E7FC2917F05B007D80BB /* PhotoPickerView.swift */; };
/* End PBXBuildFile section */

/* Begin PBXFileReference section */
		B13DA4FB2911BF1100A24C0B /* BurgeR.app */ = {isa = PBXFileReference; explicitFileType = wrapper.application; includeInIndex = 0; path = BurgeR.app; sourceTree = BUILT_PRODUCTS_DIR; };
		B13DA4FE2911BF1100A24C0B /* BurgeRApp.swift */ = {isa = PBXFileReference; lastKnownFileType = sourcecode.swift; path = BurgeRApp.swift; sourceTree = "<group>"; };
		B13DA5002911BF1100A24C0B /* ContentView.swift */ = {isa = PBXFileReference; lastKnownFileType = sourcecode.swift; path = ContentView.swift; sourceTree = "<group>"; };
		B13DA5022911BF1200A24C0B /* Assets.xcassets */ = {isa = PBXFileReference; lastKnownFileType = folder.assetcatalog; path = Assets.xcassets; sourceTree = "<group>"; };
		B13DA5052911BF1200A24C0B /* Preview Assets.xcassets */ = {isa = PBXFileReference; lastKnownFileType = folder.assetcatalog; path = "Preview Assets.xcassets"; sourceTree = "<group>"; };
		B13DA50C2911BF2300A24C0B /* BurgeR.entitlements */ = {isa = PBXFileReference; lastKnownFileType = text.plist.entitlements; path = BurgeR.entitlements; sourceTree = "<group>"; };
		B13DA50F2911CA7D00A24C0B /* ItemListViewModel.swift */ = {isa = PBXFileReference; lastKnownFileType = sourcecode.swift; path = ItemListViewModel.swift; sourceTree = "<group>"; };
		B13DA5132911CB7F00A24C0B /* ItemListing.swift */ = {isa = PBXFileReference; lastKnownFileType = sourcecode.swift; path = ItemListing.swift; sourceTree = "<group>"; };
		B143E7F629156A3E007D80BB /* BurgerDetailView.swift */ = {isa = PBXFileReference; lastKnownFileType = sourcecode.swift; path = BurgerDetailView.swift; sourceTree = "<group>"; };
		B143E7F829156AEB007D80BB /* BurgerListView.swift */ = {isa = PBXFileReference; lastKnownFileType = sourcecode.swift; path = BurgerListView.swift; sourceTree = "<group>"; };
		B143E7FA2917CBAF007D80BB /* AddNewItemView.swift */ = {isa = PBXFileReference; lastKnownFileType = sourcecode.swift; path = AddNewItemView.swift; sourceTree = "<group>"; };
		B143E7FC2917F05B007D80BB /* PhotoPickerView.swift */ = {isa = PBXFileReference; lastKnownFileType = sourcecode.swift; path = PhotoPickerView.swift; sourceTree = "<group>"; };
/* End PBXFileReference section */

/* Begin PBXFrameworksBuildPhase section */
		B13DA4F82911BF1100A24C0B /* Frameworks */ = {
			isa = PBXFrameworksBuildPhase;
			buildActionMask = 2147483647;
			files = (
			);
			runOnlyForDeploymentPostprocessing = 0;
		};
/* End PBXFrameworksBuildPhase section */

/* Begin PBXGroup section */
		B13DA4F22911BF1100A24C0B = {
			isa = PBXGroup;
			children = (
				B143E7F529156A2D007D80BB /* views */,
				B13DA4FD2911BF1100A24C0B /* BurgeR */,
				B13DA4FC2911BF1100A24C0B /* Products */,
			);
			sourceTree = "<group>";
		};
		B13DA4FC2911BF1100A24C0B /* Products */ = {
			isa = PBXGroup;
			children = (
				B13DA4FB2911BF1100A24C0B /* BurgeR.app */,
			);
			name = Products;
			sourceTree = "<group>";
		};
		B13DA4FD2911BF1100A24C0B /* BurgeR */ = {
			isa = PBXGroup;
			children = (
				B13DA5122911CB6F00A24C0B /* Models */,
				B13DA5112911CA8200A24C0B /* viewModels */,
				B13DA50C2911BF2300A24C0B /* BurgeR.entitlements */,
				B13DA4FE2911BF1100A24C0B /* BurgeRApp.swift */,
				B13DA5002911BF1100A24C0B /* ContentView.swift */,
				B13DA5022911BF1200A24C0B /* Assets.xcassets */,
				B13DA5042911BF1200A24C0B /* Preview Content */,
			);
			path = BurgeR;
			sourceTree = "<group>";
		};
		B13DA5042911BF1200A24C0B /* Preview Content */ = {
			isa = PBXGroup;
			children = (
				B13DA5052911BF1200A24C0B /* Preview Assets.xcassets */,
			);
			path = "Preview Content";
			sourceTree = "<group>";
		};
		B13DA5112911CA8200A24C0B /* viewModels */ = {
			isa = PBXGroup;
			children = (
				B13DA50F2911CA7D00A24C0B /* ItemListViewModel.swift */,
			);
			path = viewModels;
			sourceTree = "<group>";
		};
		B13DA5122911CB6F00A24C0B /* Models */ = {
			isa = PBXGroup;
			children = (
				B13DA5132911CB7F00A24C0B /* ItemListing.swift */,
			);
			path = Models;
			sourceTree = "<group>";
		};
		B143E7F529156A2D007D80BB /* views */ = {
			isa = PBXGroup;
			children = (
				B143E7F629156A3E007D80BB /* BurgerDetailView.swift */,
				B143E7F829156AEB007D80BB /* BurgerListView.swift */,
				B143E7FA2917CBAF007D80BB /* AddNewItemView.swift */,
				B143E7FC2917F05B007D80BB /* PhotoPickerView.swift */,
			);
			path = views;
			sourceTree = "<group>";
		};
/* End PBXGroup section */

/* Begin PBXNativeTarget section */
		B13DA4FA2911BF1100A24C0B /* BurgeR */ = {
			isa = PBXNativeTarget;
			buildConfigurationList = B13DA5092911BF1200A24C0B /* Build configuration list for PBXNativeTarget "BurgeR" */;
			buildPhases = (
				B13DA4F72911BF1100A24C0B /* Sources */,
				B13DA4F82911BF1100A24C0B /* Frameworks */,
				B13DA4F92911BF1100A24C0B /* Resources */,
			);
			buildRules = (
			);
			dependencies = (
			);
			name = BurgeR;
			productName = BurgeR;
			productReference = B13DA4FB2911BF1100A24C0B /* BurgeR.app */;
			productType = "com.apple.product-type.application";
		};
/* End PBXNativeTarget section */

/* Begin PBXProject section */
		B13DA4F32911BF1100A24C0B /* Project object */ = {
			isa = PBXProject;
			attributes = {
				BuildIndependentTargetsInParallel = 1;
				LastSwiftUpdateCheck = 1410;
				LastUpgradeCheck = 1410;
				TargetAttributes = {
					B13DA4FA2911BF1100A24C0B = {
						CreatedOnToolsVersion = 14.1;
					};
				};
			};
			buildConfigurationList = B13DA4F62911BF1100A24C0B /* Build configuration list for PBXProject "BurgeR" */;
			compatibilityVersion = "Xcode 14.0";
			developmentRegion = en;
			hasScannedForEncodings = 0;
			knownRegions = (
				en,
				Base,
			);
			mainGroup = B13DA4F22911BF1100A24C0B;
			productRefGroup = B13DA4FC2911BF1100A24C0B /* Products */;
			projectDirPath = "";
			projectRoot = "";
			targets = (
				B13DA4FA2911BF1100A24C0B /* BurgeR */,
			);
		};
/* End PBXProject section */

/* Begin PBXResourcesBuildPhase section */
		B13DA4F92911BF1100A24C0B /* Resources */ = {
			isa = PBXResourcesBuildPhase;
			buildActionMask = 2147483647;
			files = (
				B13DA5062911BF1200A24C0B /* Preview Assets.xcassets in Resources */,
				B13DA5032911BF1200A24C0B /* Assets.xcassets in Resources */,
			);
			runOnlyForDeploymentPostprocessing = 0;
		};
/* End PBXResourcesBuildPhase section */

/* Begin PBXSourcesBuildPhase section */
		B13DA4F72911BF1100A24C0B /* Sources */ = {
			isa = PBXSourcesBuildPhase;
			buildActionMask = 2147483647;
			files = (
				B13DA5012911BF1100A24C0B /* ContentView.swift in Sources */,
				B13DA5142911CB7F00A24C0B /* ItemListing.swift in Sources */,
				B143E7F729156A3E007D80BB /* BurgerDetailView.swift in Sources */,
				B143E7FD2917F05B007D80BB /* PhotoPickerView.swift in Sources */,
				B143E7FB2917CBAF007D80BB /* AddNewItemView.swift in Sources */,
				B143E7F929156AEB007D80BB /* BurgerListView.swift in Sources */,
				B13DA5102911CA7D00A24C0B /* ItemListViewModel.swift in Sources */,
				B13DA4FF2911BF1100A24C0B /* BurgeRApp.swift in Sources */,
			);
			runOnlyForDeploymentPostprocessing = 0;
		};
/* End PBXSourcesBuildPhase section */

/* Begin XCBuildConfiguration section */
		B13DA5072911BF1200A24C0B /* Debug */ = {
			isa = XCBuildConfiguration;
			buildSettings = {
				ALWAYS_SEARCH_USER_PATHS = NO;
				CLANG_ANALYZER_NONNULL = YES;
				CLANG_ANALYZER_NUMBER_OBJECT_CONVERSION = YES_AGGRESSIVE;
				CLANG_CXX_LANGUAGE_STANDARD = "gnu++20";
				CLANG_ENABLE_MODULES = YES;
				CLANG_ENABLE_OBJC_ARC = YES;
				CLANG_ENABLE_OBJC_WEAK = YES;
				CLANG_WARN_BLOCK_CAPTURE_AUTORELEASING = YES;
				CLANG_WARN_BOOL_CONVERSION = YES;
				CLANG_WARN_COMMA = YES;
				CLANG_WARN_CONSTANT_CONVERSION = YES;
				CLANG_WARN_DEPRECATED_OBJC_IMPLEMENTATIONS = YES;
				CLANG_WARN_DIRECT_OBJC_ISA_USAGE = YES_ERROR;
				CLANG_WARN_DOCUMENTATION_COMMENTS = YES;
				CLANG_WARN_EMPTY_BODY = YES;
				CLANG_WARN_ENUM_CONVERSION = YES;
				CLANG_WARN_INFINITE_RECURSION = YES;
				CLANG_WARN_INT_CONVERSION = YES;
				CLANG_WARN_NON_LITERAL_NULL_CONVERSION = YES;
				CLANG_WARN_OBJC_IMPLICIT_RETAIN_SELF = YES;
				CLANG_WARN_OBJC_LITERAL_CONVERSION = YES;
				CLANG_WARN_OBJC_ROOT_CLASS = YES_ERROR;
				CLANG_WARN_QUOTED_INCLUDE_IN_FRAMEWORK_HEADER = YES;
				CLANG_WARN_RANGE_LOOP_ANALYSIS = YES;
				CLANG_WARN_STRICT_PROTOTYPES = YES;
				CLANG_WARN_SUSPICIOUS_MOVE = YES;
				CLANG_WARN_UNGUARDED_AVAILABILITY = YES_AGGRESSIVE;
				CLANG_WARN_UNREACHABLE_CODE = YES;
				CLANG_WARN__DUPLICATE_METHOD_MATCH = YES;
				COPY_PHASE_STRIP = NO;
				DEBUG_INFORMATION_FORMAT = dwarf;
				ENABLE_STRICT_OBJC_MSGSEND = YES;
				ENABLE_TESTABILITY = YES;
				GCC_C_LANGUAGE_STANDARD = gnu11;
				GCC_DYNAMIC_NO_PIC = NO;
				GCC_NO_COMMON_BLOCKS = YES;
				GCC_OPTIMIZATION_LEVEL = 0;
				GCC_PREPROCESSOR_DEFINITIONS = (
					"DEBUG=1",
					"$(inherited)",
				);
				GCC_WARN_64_TO_32_BIT_CONVERSION = YES;
				GCC_WARN_ABOUT_RETURN_TYPE = YES_ERROR;
				GCC_WARN_UNDECLARED_SELECTOR = YES;
				GCC_WARN_UNINITIALIZED_AUTOS = YES_AGGRESSIVE;
				GCC_WARN_UNUSED_FUNCTION = YES;
				GCC_WARN_UNUSED_VARIABLE = YES;
				IPHONEOS_DEPLOYMENT_TARGET = 16.1;
				MTL_ENABLE_DEBUG_INFO = INCLUDE_SOURCE;
				MTL_FAST_MATH = YES;
				ONLY_ACTIVE_ARCH = YES;
				SDKROOT = iphoneos;
				SWIFT_ACTIVE_COMPILATION_CONDITIONS = DEBUG;
				SWIFT_OPTIMIZATION_LEVEL = "-Onone";
			};
			name = Debug;
		};
		B13DA5082911BF1200A24C0B /* Release */ = {
			isa = XCBuildConfiguration;
			buildSettings = {
				ALWAYS_SEARCH_USER_PATHS = NO;
				CLANG_ANALYZER_NONNULL = YES;
				CLANG_ANALYZER_NUMBER_OBJECT_CONVERSION = YES_AGGRESSIVE;
				CLANG_CXX_LANGUAGE_STANDARD = "gnu++20";
				CLANG_ENABLE_MODULES = YES;
				CLANG_ENABLE_OBJC_ARC = YES;
				CLANG_ENABLE_OBJC_WEAK = YES;
				CLANG_WARN_BLOCK_CAPTURE_AUTORELEASING = YES;
				CLANG_WARN_BOOL_CONVERSION = YES;
				CLANG_WARN_COMMA = YES;
				CLANG_WARN_CONSTANT_CONVERSION = YES;
				CLANG_WARN_DEPRECATED_OBJC_IMPLEMENTATIONS = YES;
				CLANG_WARN_DIRECT_OBJC_ISA_USAGE = YES_ERROR;
				CLANG_WARN_DOCUMENTATION_COMMENTS = YES;
				CLANG_WARN_EMPTY_BODY = YES;
				CLANG_WARN_ENUM_CONVERSION = YES;
				CLANG_WARN_INFINITE_RECURSION = YES;
				CLANG_WARN_INT_CONVERSION = YES;
				CLANG_WARN_NON_LITERAL_NULL_CONVERSION = YES;
				CLANG_WARN_OBJC_IMPLICIT_RETAIN_SELF = YES;
				CLANG_WARN_OBJC_LITERAL_CONVERSION = YES;
				CLANG_WARN_OBJC_ROOT_CLASS = YES_ERROR;
				CLANG_WARN_QUOTED_INCLUDE_IN_FRAMEWORK_HEADER = YES;
				CLANG_WARN_RANGE_LOOP_ANALYSIS = YES;
				CLANG_WARN_STRICT_PROTOTYPES = YES;
				CLANG_WARN_SUSPICIOUS_MOVE = YES;
				CLANG_WARN_UNGUARDED_AVAILABILITY = YES_AGGRESSIVE;
				CLANG_WARN_UNREACHABLE_CODE = YES;
				CLANG_WARN__DUPLICATE_METHOD_MATCH = YES;
				COPY_PHASE_STRIP = NO;
				DEBUG_INFORMATION_FORMAT = "dwarf-with-dsym";
				ENABLE_NS_ASSERTIONS = NO;
				ENABLE_STRICT_OBJC_MSGSEND = YES;
				GCC_C_LANGUAGE_STANDARD = gnu11;
				GCC_NO_COMMON_BLOCKS = YES;
				GCC_WARN_64_TO_32_BIT_CONVERSION = YES;
				GCC_WARN_ABOUT_RETURN_TYPE = YES_ERROR;
				GCC_WARN_UNDECLARED_SELECTOR = YES;
				GCC_WARN_UNINITIALIZED_AUTOS = YES_AGGRESSIVE;
				GCC_WARN_UNUSED_FUNCTION = YES;
				GCC_WARN_UNUSED_VARIABLE = YES;
				IPHONEOS_DEPLOYMENT_TARGET = 16.1;
				MTL_ENABLE_DEBUG_INFO = NO;
				MTL_FAST_MATH = YES;
				SDKROOT = iphoneos;
				SWIFT_COMPILATION_MODE = wholemodule;
				SWIFT_OPTIMIZATION_LEVEL = "-O";
				VALIDATE_PRODUCT = YES;
			};
			name = Release;
		};
		B13DA50A2911BF1200A24C0B /* Debug */ = {
			isa = XCBuildConfiguration;
			buildSettings = {
				ASSETCATALOG_COMPILER_APPICON_NAME = AppIcon;
				ASSETCATALOG_COMPILER_GLOBAL_ACCENT_COLOR_NAME = AccentColor;
				CODE_SIGN_ENTITLEMENTS = BurgeR/BurgeR.entitlements;
				CODE_SIGN_STYLE = Automatic;
				CURRENT_PROJECT_VERSION = 1;
				DEVELOPMENT_ASSET_PATHS = "\"BurgeR/Preview Content\"";
				DEVELOPMENT_TEAM = WXA32BTP69;
				ENABLE_PREVIEWS = YES;
				GENERATE_INFOPLIST_FILE = YES;
				INFOPLIST_KEY_UIApplicationSceneManifest_Generation = YES;
				INFOPLIST_KEY_UIApplicationSupportsIndirectInputEvents = YES;
				INFOPLIST_KEY_UILaunchScreen_Generation = YES;
				INFOPLIST_KEY_UISupportedInterfaceOrientations_iPad = "UIInterfaceOrientationPortrait UIInterfaceOrientationPortraitUpsideDown UIInterfaceOrientationLandscapeLeft UIInterfaceOrientationLandscapeRight";
				INFOPLIST_KEY_UISupportedInterfaceOrientations_iPhone = "UIInterfaceOrientationPortrait UIInterfaceOrientationLandscapeLeft UIInterfaceOrientationLandscapeRight";
				LD_RUNPATH_SEARCH_PATHS = (
					"$(inherited)",
					"@executable_path/Frameworks",
				);
				MARKETING_VERSION = 1.0;
				PRODUCT_BUNDLE_IDENTIFIER = com.sander.BurgeR;
				PRODUCT_NAME = "$(TARGET_NAME)";
				SWIFT_EMIT_LOC_STRINGS = YES;
				SWIFT_VERSION = 5.0;
				TARGETED_DEVICE_FAMILY = "1,2";
			};
			name = Debug;
		};
		B13DA50B2911BF1200A24C0B /* Release */ = {
			isa = XCBuildConfiguration;
			buildSettings = {
				ASSETCATALOG_COMPILER_APPICON_NAME = AppIcon;
				ASSETCATALOG_COMPILER_GLOBAL_ACCENT_COLOR_NAME = AccentColor;
				CODE_SIGN_ENTITLEMENTS = BurgeR/BurgeR.entitlements;
				CODE_SIGN_STYLE = Automatic;
				CURRENT_PROJECT_VERSION = 1;
				DEVELOPMENT_ASSET_PATHS = "\"BurgeR/Preview Content\"";
				DEVELOPMENT_TEAM = WXA32BTP69;
				ENABLE_PREVIEWS = YES;
				GENERATE_INFOPLIST_FILE = YES;
				INFOPLIST_KEY_UIApplicationSceneManifest_Generation = YES;
				INFOPLIST_KEY_UIApplicationSupportsIndirectInputEvents = YES;
				INFOPLIST_KEY_UILaunchScreen_Generation = YES;
				INFOPLIST_KEY_UISupportedInterfaceOrientations_iPad = "UIInterfaceOrientationPortrait UIInterfaceOrientationPortraitUpsideDown UIInterfaceOrientationLandscapeLeft UIInterfaceOrientationLandscapeRight";
				INFOPLIST_KEY_UISupportedInterfaceOrientations_iPhone = "UIInterfaceOrientationPortrait UIInterfaceOrientationLandscapeLeft UIInterfaceOrientationLandscapeRight";
				LD_RUNPATH_SEARCH_PATHS = (
					"$(inherited)",
					"@executable_path/Frameworks",
				);
				MARKETING_VERSION = 1.0;
				PRODUCT_BUNDLE_IDENTIFIER = com.sander.BurgeR;
				PRODUCT_NAME = "$(TARGET_NAME)";
				SWIFT_EMIT_LOC_STRINGS = YES;
				SWIFT_VERSION = 5.0;
				TARGETED_DEVICE_FAMILY = "1,2";
			};
			name = Release;
		};
/* End XCBuildConfiguration section */

/* Begin XCConfigurationList section */
		B13DA4F62911BF1100A24C0B /* Build configuration list for PBXProject "BurgeR" */ = {
			isa = XCConfigurationList;
			buildConfigurations = (
				B13DA5072911BF1200A24C0B /* Debug */,
				B13DA5082911BF1200A24C0B /* Release */,
			);
			defaultConfigurationIsVisible = 0;
			defaultConfigurationName = Release;
		};
		B13DA5092911BF1200A24C0B /* Build configuration list for PBXNativeTarget "BurgeR" */ = {
			isa = XCConfigurationList;
			buildConfigurations = (
				B13DA50A2911BF1200A24C0B /* Debug */,
				B13DA50B2911BF1200A24C0B /* Release */,
			);
			defaultConfigurationIsVisible = 0;
			defaultConfigurationName = Release;
		};
/* End XCConfigurationList section */
	};
	rootObject = B13DA4F32911BF1100A24C0B /* Project object */;
}
